{
  "name": "1415fee72ff6294b",
  "lockfileVersion": 3,
  "requires": true,
  "packages": {
    "": {
      "dependencies": {
        "create-vite": "^8.0.3"
      }
    },
    "node_modules/create-vite": {
      "version": "8.0.3",
      "resolved": "https://registry.npmjs.org/create-vite/-/create-vite-8.0.3.tgz",
      "integrity": "sha512-R/Xo0zGvaK3exv0q5ipKiGNz0Ne6jDsCHeR5Ayk19K4MBm26bSndHoaJNq6Df/lBsq/KcZE51vC0N3B997MzXA==",
      "license": "MIT",
      "bin": {
        "create-vite": "index.js",
        "cva": "index.js"
      },
      "engines": {
        "node": "^20.19.0 || >=22.12.0"
      },
      "funding": {
        "url": "https://github.com/vitejs/vite?sponsor=1"
      }
    }
  }
}
